
Microsoft Visual Studio Solution File, Format Version 12.00
# Visual Studio Version 16
VisualStudioVersion = 16.0.810.11
MinimumVisualStudioVersion = 10.0.40219.1
Project("{FAE04EC0-301F-11D3-BF4B-00C04F79EFBC}") = "Net-Project-2.Data", "Net-Project-2.Data\Net-Project-2.Data.csproj", "{EC065224-FD27-4391-A592-8F132563E647}"
EndProject
Project("{FAE04EC0-301F-11D3-BF4B-00C04F79EFBC}") = "NET-Project-2.Domain", "NET-Project-2.Domain\NET-Project-2.Domain.csproj", "{0FF9CB5D-2253-48E4-84E0-61244BBCAD84}"
EndProject
Project("{FAE04EC0-301F-11D3-BF4B-00C04F79EFBC}") = "Net-Project-2.API", "Net-Project-2.API\Net-Project-2.API.csproj", "{0D6FC3D6-CE4A-427E-B3B2-17AC7A64D45B}"
EndProject
Global
	GlobalSection(SolutionConfigurationPlatforms) = preSolution
		Debug|Any CPU = Debug|Any CPU
		Release|Any CPU = Release|Any CPU
	EndGlobalSection
	GlobalSection(ProjectConfigurationPlatforms) = postSolution
		{EC065224-FD27-4391-A592-8F132563E647}.Debug|Any CPU.ActiveCfg = Debug|Any CPU
		{EC065224-FD27-4391-A592-8F132563E647}.Debug|Any CPU.Build.0 = Debug|Any CPU
		{EC065224-FD27-4391-A592-8F132563E647}.Release|Any CPU.ActiveCfg = Release|Any CPU
		{EC065224-FD27-4391-A592-8F132563E647}.Release|Any CPU.Build.0 = Release|Any CPU
		{0FF9CB5D-2253-48E4-84E0-61244BBCAD84}.Debug|Any CPU.ActiveCfg = Debug|Any CPU
		{0FF9CB5D-2253-48E4-84E0-61244BBCAD84}.Debug|Any CPU.Build.0 = Debug|Any CPU
		{0FF9CB5D-2253-48E4-84E0-61244BBCAD84}.Release|Any CPU.ActiveCfg = Release|Any CPU
		{0FF9CB5D-2253-48E4-84E0-61244BBCAD84}.Release|Any CPU.Build.0 = Release|Any CPU
		{0D6FC3D6-CE4A-427E-B3B2-17AC7A64D45B}.Debug|Any CPU.ActiveCfg = Debug|Any CPU
		{0D6FC3D6-CE4A-427E-B3B2-17AC7A64D45B}.Debug|Any CPU.Build.0 = Debug|Any CPU
		{0D6FC3D6-CE4A-427E-B3B2-17AC7A64D45B}.Release|Any CPU.ActiveCfg = Release|Any CPU
		{0D6FC3D6-CE4A-427E-B3B2-17AC7A64D45B}.Release|Any CPU.Build.0 = Release|Any CPU
	EndGlobalSection
	GlobalSection(SolutionProperties) = preSolution
		HideSolutionNode = FALSE
	EndGlobalSection
	GlobalSection(ExtensibilityGlobals) = postSolution
		SolutionGuid = {FEAB5265-6F49-4618-8A7F-9CB2338745C3}
	EndGlobalSection
EndGlobal
